
Microsoft Visual Studio Solution File, Format Version 12.00
# Visual Studio Version 16
VisualStudioVersion = 16.0.30907.101
MinimumVisualStudioVersion = 10.0.40219.1
Project("{FAE04EC0-301F-11D3-BF4B-00C04F79EFBC}") = "ClassMethodDemo", "ClassMethodDemo\ClassMethodDemo.csproj", "{56F402D5-BB8C-4FEB-8EC1-C7F60B30BBBC}"
EndProject
Global
	GlobalSection(SolutionConfigurationPlatforms) = preSolution
		Debug|Any CPU = Debug|Any CPU
		Release|Any CPU = Release|Any CPU
	EndGlobalSection
	GlobalSection(ProjectConfigurationPlatforms) = postSolution
		{56F402D5-BB8C-4FEB-8EC1-C7F60B30BBBC}.Debug|Any CPU.ActiveCfg = Debug|Any CPU
		{56F402D5-BB8C-4FEB-8EC1-C7F60B30BBBC}.Debug|Any CPU.Build.0 = Debug|Any CPU
		{56F402D5-BB8C-4FEB-8EC1-C7F60B30BBBC}.Release|Any CPU.ActiveCfg = Release|Any CPU
		{56F402D5-BB8C-4FEB-8EC1-C7F60B30BBBC}.Release|Any CPU.Build.0 = Release|Any CPU
	EndGlobalSection
	GlobalSection(SolutionProperties) = preSolution
		HideSolutionNode = FALSE
	EndGlobalSection
	GlobalSection(ExtensibilityGlobals) = postSolution
		SolutionGuid = {1FC107DB-3E9E-468E-A959-55AC5A8EC399}
	EndGlobalSection
EndGlobal
